
Microsoft Visual Studio Solution File, Format Version 12.00
# Visual Studio Version 17
VisualStudioVersion = 17.9.34728.123
MinimumVisualStudioVersion = 10.0.40219.1
Project("{2150E333-8FDC-42A3-9474-1A3956D46DE8}") = "Services", "Services", "{B890E95E-29CD-4159-B25F-0FED9CA3C3EF}"
EndProject
Project("{2150E333-8FDC-42A3-9474-1A3956D46DE8}") = "Catalog", "Catalog", "{F953F486-CD40-45A7-9205-D027D2366105}"
EndProject
Project("{FAE04EC0-301F-11D3-BF4B-00C04F79EFBC}") = "Catalog.API", "Services\Catalog\Catalog.API\Catalog.API.csproj", "{3C89A334-F689-437A-9E0D-994D53F0FB84}"
EndProject
Project("{2150E333-8FDC-42A3-9474-1A3956D46DE8}") = "BuildingBlocks", "BuildingBlocks", "{02EA681E-C7D8-13C7-8484-4AC65E1B71E8}"
EndProject
Project("{FAE04EC0-301F-11D3-BF4B-00C04F79EFBC}") = "BuildingBlocks", "BuildingBlocks\BuildingBlocks\BuildingBlocks.csproj", "{8698C051-2FC6-4EBC-A48A-CB2866182018}"
EndProject
Project("{E53339B2-1760-4266-BCC7-CA923CBCF16C}") = "docker-compose", "docker-compose.dcproj", "{81DDED9D-158B-E303-5F62-77A2896D2A5A}"
EndProject
Project("{2150E333-8FDC-42A3-9474-1A3956D46DE8}") = "Basket", "Basket", "{3D74C809-4CDC-4D09-B749-5FAB108C6276}"
EndProject
Project("{FAE04EC0-301F-11D3-BF4B-00C04F79EFBC}") = "Basket.API", "Services\Basket\Basket.API\Basket.API.csproj", "{859AE867-7CBF-42AF-A2BF-CDE06CA0221C}"
EndProject
Global
	GlobalSection(SolutionConfigurationPlatforms) = preSolution
		Debug|Any CPU = Debug|Any CPU
		Release|Any CPU = Release|Any CPU
	EndGlobalSection
	GlobalSection(ProjectConfigurationPlatforms) = postSolution
		{3C89A334-F689-437A-9E0D-994D53F0FB84}.Debug|Any CPU.ActiveCfg = Debug|Any CPU
		{3C89A334-F689-437A-9E0D-994D53F0FB84}.Debug|Any CPU.Build.0 = Debug|Any CPU
		{3C89A334-F689-437A-9E0D-994D53F0FB84}.Release|Any CPU.ActiveCfg = Release|Any CPU
		{3C89A334-F689-437A-9E0D-994D53F0FB84}.Release|Any CPU.Build.0 = Release|Any CPU
		{8698C051-2FC6-4EBC-A48A-CB2866182018}.Debug|Any CPU.ActiveCfg = Debug|Any CPU
		{8698C051-2FC6-4EBC-A48A-CB2866182018}.Debug|Any CPU.Build.0 = Debug|Any CPU
		{8698C051-2FC6-4EBC-A48A-CB2866182018}.Release|Any CPU.ActiveCfg = Release|Any CPU
		{8698C051-2FC6-4EBC-A48A-CB2866182018}.Release|Any CPU.Build.0 = Release|Any CPU
		{81DDED9D-158B-E303-5F62-77A2896D2A5A}.Debug|Any CPU.ActiveCfg = Debug|Any CPU
		{81DDED9D-158B-E303-5F62-77A2896D2A5A}.Debug|Any CPU.Build.0 = Debug|Any CPU
		{81DDED9D-158B-E303-5F62-77A2896D2A5A}.Release|Any CPU.ActiveCfg = Release|Any CPU
		{81DDED9D-158B-E303-5F62-77A2896D2A5A}.Release|Any CPU.Build.0 = Release|Any CPU
		{859AE867-7CBF-42AF-A2BF-CDE06CA0221C}.Debug|Any CPU.ActiveCfg = Debug|Any CPU
		{859AE867-7CBF-42AF-A2BF-CDE06CA0221C}.Debug|Any CPU.Build.0 = Debug|Any CPU
		{859AE867-7CBF-42AF-A2BF-CDE06CA0221C}.Release|Any CPU.ActiveCfg = Release|Any CPU
		{859AE867-7CBF-42AF-A2BF-CDE06CA0221C}.Release|Any CPU.Build.0 = Release|Any CPU
	EndGlobalSection
	GlobalSection(SolutionProperties) = preSolution
		HideSolutionNode = FALSE
	EndGlobalSection
	GlobalSection(NestedProjects) = preSolution
		{F953F486-CD40-45A7-9205-D027D2366105} = {B890E95E-29CD-4159-B25F-0FED9CA3C3EF}
		{3C89A334-F689-437A-9E0D-994D53F0FB84} = {F953F486-CD40-45A7-9205-D027D2366105}
		{8698C051-2FC6-4EBC-A48A-CB2866182018} = {02EA681E-C7D8-13C7-8484-4AC65E1B71E8}
		{3D74C809-4CDC-4D09-B749-5FAB108C6276} = {B890E95E-29CD-4159-B25F-0FED9CA3C3EF}
		{859AE867-7CBF-42AF-A2BF-CDE06CA0221C} = {3D74C809-4CDC-4D09-B749-5FAB108C6276}
	EndGlobalSection
	GlobalSection(ExtensibilityGlobals) = postSolution
		SolutionGuid = {9C23A199-8010-4D1A-9CF7-F3AC48F2C7EF}
	EndGlobalSection
EndGlobal
